github.com/gotmc/libusb/v2 v2.3.1 h1:lCz01F0fW8OmVDLxCLsguYvTGXPjzFkJM7l98QLKEds=
github.com/gotmc/libusb/v2 v2.3.1/go.mod h1:V118mRdvZLfB1EHRtyCLwMJSQi0wkMUTg1gS0lu7lso=
github.com/pborman/getopt/v2 v2.1.0 h1:eNfR+r+dWLdWmV8g5OlpyrTYHkhVNxHBdN2cCrJmOEA=
github.com/pborman/getopt/v2 v2.1.0/go.mod h1:4NtW75ny4eBw9fO1bhtNdYTlZKYX5/tBLtsOpwKIKd0=
golang.org/x/net v0.21.0 h1:AQyQV4dYCvJ7vGmJyKki9+PBdyvhkSd8EIx/qb0AYv4=
golang.org/x/net v0.21.0/go.mod h1:bIjVDfnllIU7BJ2DNgfnXvpSvtn8VRwhlsaeUTyUS44=
